github.com/kenshin579/tutorials-go/go-workspace-common v0.0.0-20220901045748-996032bd5deb h1:AyuDgWHiRFU1Tuqp+JsZiJLQYAFSi2ngLZAzxmueeVk=
github.com/kenshin579/tutorials-go/go-workspace-common v0.0.0-20220901045748-996032bd5deb/go.mod h1:VVF0jmS/RJogegz/SKIAU9GcKIeuCZiwoC6VsEtsuIU=
github.com/kenshin579/tutorials-go/go-workspace-common v0.0.0-20220901045949-25e772596ec0 h1:CxyqFhx/NmvcrJ4UlcDio8/9wnw724biC0h58sxd/fY=
github.com/kenshin579/tutorials-go/go-workspace-common v0.0.0-20220901045949-25e772596ec0/go.mod h1:VVF0jmS/RJogegz/SKIAU9GcKIeuCZiwoC6VsEtsuIU=
